
Microsoft Visual Studio Solution File, Format Version 12.00
# Visual Studio Version 16
VisualStudioVersion = 16.0.31112.23
MinimumVisualStudioVersion = 10.0.40219.1
Project("{9A19103F-16F7-4668-BE54-9A1E7A4F7556}") = "ConnectBillPay.Api", "ConnectBillPay.Api\ConnectBillPay.Api.csproj", "{04E08277-4789-460E-9BA0-3FBAE61797BA}"
EndProject
Project("{9A19103F-16F7-4668-BE54-9A1E7A4F7556}") = "ConnectBillPay.Infrastructure", "ConnectBillPay.Infrastrucure\ConnectBillPay.Infrastructure.csproj", "{F3B2A81C-3340-4666-B73A-7A19941C152C}"
EndProject
Project("{9A19103F-16F7-4668-BE54-9A1E7A4F7556}") = "ConnectBillPay.Services", "ConnectBillPay.Providers\ConnectBillPay.Services.csproj", "{FF7BB59F-7D52-4476-8A0E-1DC2A28B7B58}"
EndProject
Project("{9A19103F-16F7-4668-BE54-9A1E7A4F7556}") = "ConnectBillPay.Responses", "ConnectBillPay.Responses\ConnectBillPay.Responses.csproj", "{B986E611-6226-4EA7-A99E-CDC93860ADD4}"
EndProject
Project("{9A19103F-16F7-4668-BE54-9A1E7A4F7556}") = "ConnectBillPay.Requests", "ConnectBillPay.Requests\ConnectBillPay.Requests.csproj", "{42AF94E8-2B0C-45F6-81CE-3E79C01F4678}"
EndProject
Project("{2150E333-8FDC-42A3-9474-1A3956D46DE8}") = "Tests", "Tests", "{E15CD908-B36C-45A2-943B-D1DE5C3AEE2A}"
EndProject
Project("{9A19103F-16F7-4668-BE54-9A1E7A4F7556}") = "Tests.ConnectBillPay.Services", "Tests.ConnectBillPay.Services\Tests.ConnectBillPay.Services.csproj", "{FA17B739-7B10-4154-8E7D-055EFA0F6719}"
EndProject
Global
	GlobalSection(SolutionConfigurationPlatforms) = preSolution
		Debug|Any CPU = Debug|Any CPU
		Release|Any CPU = Release|Any CPU
	EndGlobalSection
	GlobalSection(ProjectConfigurationPlatforms) = postSolution
		{04E08277-4789-460E-9BA0-3FBAE61797BA}.Debug|Any CPU.ActiveCfg = Debug|Any CPU
		{04E08277-4789-460E-9BA0-3FBAE61797BA}.Debug|Any CPU.Build.0 = Debug|Any CPU
		{04E08277-4789-460E-9BA0-3FBAE61797BA}.Release|Any CPU.ActiveCfg = Release|Any CPU
		{04E08277-4789-460E-9BA0-3FBAE61797BA}.Release|Any CPU.Build.0 = Release|Any CPU
		{F3B2A81C-3340-4666-B73A-7A19941C152C}.Debug|Any CPU.ActiveCfg = Debug|Any CPU
		{F3B2A81C-3340-4666-B73A-7A19941C152C}.Debug|Any CPU.Build.0 = Debug|Any CPU
		{F3B2A81C-3340-4666-B73A-7A19941C152C}.Release|Any CPU.ActiveCfg = Release|Any CPU
		{F3B2A81C-3340-4666-B73A-7A19941C152C}.Release|Any CPU.Build.0 = Release|Any CPU
		{FF7BB59F-7D52-4476-8A0E-1DC2A28B7B58}.Debug|Any CPU.ActiveCfg = Debug|Any CPU
		{FF7BB59F-7D52-4476-8A0E-1DC2A28B7B58}.Debug|Any CPU.Build.0 = Debug|Any CPU
		{FF7BB59F-7D52-4476-8A0E-1DC2A28B7B58}.Release|Any CPU.ActiveCfg = Release|Any CPU
		{FF7BB59F-7D52-4476-8A0E-1DC2A28B7B58}.Release|Any CPU.Build.0 = Release|Any CPU
		{B986E611-6226-4EA7-A99E-CDC93860ADD4}.Debug|Any CPU.ActiveCfg = Debug|Any CPU
		{B986E611-6226-4EA7-A99E-CDC93860ADD4}.Debug|Any CPU.Build.0 = Debug|Any CPU
		{B986E611-6226-4EA7-A99E-CDC93860ADD4}.Release|Any CPU.ActiveCfg = Release|Any CPU
		{B986E611-6226-4EA7-A99E-CDC93860ADD4}.Release|Any CPU.Build.0 = Release|Any CPU
		{42AF94E8-2B0C-45F6-81CE-3E79C01F4678}.Debug|Any CPU.ActiveCfg = Debug|Any CPU
		{42AF94E8-2B0C-45F6-81CE-3E79C01F4678}.Debug|Any CPU.Build.0 = Debug|Any CPU
		{42AF94E8-2B0C-45F6-81CE-3E79C01F4678}.Release|Any CPU.ActiveCfg = Release|Any CPU
		{42AF94E8-2B0C-45F6-81CE-3E79C01F4678}.Release|Any CPU.Build.0 = Release|Any CPU
		{FA17B739-7B10-4154-8E7D-055EFA0F6719}.Debug|Any CPU.ActiveCfg = Debug|Any CPU
		{FA17B739-7B10-4154-8E7D-055EFA0F6719}.Debug|Any CPU.Build.0 = Debug|Any CPU
		{FA17B739-7B10-4154-8E7D-055EFA0F6719}.Release|Any CPU.ActiveCfg = Release|Any CPU
		{FA17B739-7B10-4154-8E7D-055EFA0F6719}.Release|Any CPU.Build.0 = Release|Any CPU
	EndGlobalSection
	GlobalSection(SolutionProperties) = preSolution
		HideSolutionNode = FALSE
	EndGlobalSection
	GlobalSection(NestedProjects) = preSolution
		{FA17B739-7B10-4154-8E7D-055EFA0F6719} = {E15CD908-B36C-45A2-943B-D1DE5C3AEE2A}
	EndGlobalSection
	GlobalSection(ExtensibilityGlobals) = postSolution
		SolutionGuid = {E50E9078-01CA-44E5-8ACC-A62871A5044C}
	EndGlobalSection
EndGlobal
